// !$*UTF8*$!
{
	archiveVersion = 1;
	classes = {
	};
	objectVersion = 56;
	objects = {

/* Begin PBXBuildFile section */
		D3E5FE7A29B05E880056065D /* AppDelegate.swift in Sources */ = {isa = PBXBuildFile; fileRef = D3E5FE7929B05E880056065D /* AppDelegate.swift */; };
		D3E5FE7C29B05E880056065D /* SceneDelegate.swift in Sources */ = {isa = PBXBuildFile; fileRef = D3E5FE7B29B05E880056065D /* SceneDelegate.swift */; };
		D3E5FE7E29B05E880056065D /* BebidaDetalleViewController.swift in Sources */ = {isa = PBXBuildFile; fileRef = D3E5FE7D29B05E880056065D /* BebidaDetalleViewController.swift */; };
		D3E5FE8129B05E880056065D /* Main.storyboard in Resources */ = {isa = PBXBuildFile; fileRef = D3E5FE7F29B05E880056065D /* Main.storyboard */; };
		D3E5FE8429B05E880056065D /* Practica2_Barman_ONC.xcdatamodeld in Sources */ = {isa = PBXBuildFile; fileRef = D3E5FE8229B05E880056065D /* Practica2_Barman_ONC.xcdatamodeld */; };
		D3E5FE8629B05E890056065D /* Assets.xcassets in Resources */ = {isa = PBXBuildFile; fileRef = D3E5FE8529B05E890056065D /* Assets.xcassets */; };
		D3E5FE8929B05E890056065D /* LaunchScreen.storyboard in Resources */ = {isa = PBXBuildFile; fileRef = D3E5FE8729B05E890056065D /* LaunchScreen.storyboard */; };
		D3E5FE9229B082260056065D /* Network.framework in Frameworks */ = {isa = PBXBuildFile; fileRef = D3E5FE9129B082260056065D /* Network.framework */; };
		D3E5FE9429B1C1F30056065D /* TableViewController.swift in Sources */ = {isa = PBXBuildFile; fileRef = D3E5FE9329B1C1F30056065D /* TableViewController.swift */; };
		D3E5FE9A29B2474F0056065D /* MonitorRed.swift in Sources */ = {isa = PBXBuildFile; fileRef = D3E5FE9929B2474F0056065D /* MonitorRed.swift */; };
		D3E5FEA029B2E70A0056065D /* wine-bar-100.png in Resources */ = {isa = PBXBuildFile; fileRef = D3E5FE9F29B2E70A0056065D /* wine-bar-100.png */; };
		D3E5FEA429B2E8000056065D /* Coctel3.jpg in Resources */ = {isa = PBXBuildFile; fileRef = D3E5FEA129B2E8000056065D /* Coctel3.jpg */; };
		D3E5FEA529B2E8000056065D /* Coctel1.jpg in Resources */ = {isa = PBXBuildFile; fileRef = D3E5FEA229B2E8000056065D /* Coctel1.jpg */; };
		D3E5FEA629B2E8000056065D /* Coctel2.jpg in Resources */ = {isa = PBXBuildFile; fileRef = D3E5FEA329B2E8000056065D /* Coctel2.jpg */; };
		D3E5FEA929B2ECCA0056065D /* tropical-drink-48.png in Resources */ = {isa = PBXBuildFile; fileRef = D3E5FEA829B2ECCA0056065D /* tropical-drink-48.png */; };
		D3E5FEB029B2F8E80056065D /* BebidaDataManager.swift in Sources */ = {isa = PBXBuildFile; fileRef = D3E5FEAF29B2F8E80056065D /* BebidaDataManager.swift */; };
		D3E5FEB329B322220056065D /* Helper.swift in Sources */ = {isa = PBXBuildFile; fileRef = D3E5FEB229B322220056065D /* Helper.swift */; };
		D3E5FEB629B3DABD0056065D /* Bebida+CoreDataClass.swift in Sources */ = {isa = PBXBuildFile; fileRef = D3E5FEB429B3DABD0056065D /* Bebida+CoreDataClass.swift */; };
		D3E5FEB729B3DABD0056065D /* Bebida+CoreDataProperties.swift in Sources */ = {isa = PBXBuildFile; fileRef = D3E5FEB529B3DABD0056065D /* Bebida+CoreDataProperties.swift */; };
		D3E5FEBC29B3F92C0056065D /* Localizable.strings in Resources */ = {isa = PBXBuildFile; fileRef = D3E5FEBE29B3F92C0056065D /* Localizable.strings */; };
		D3E5FEC129B4154B0056065D /* BebidaJSON.swift in Sources */ = {isa = PBXBuildFile; fileRef = D3E5FEC029B4154B0056065D /* BebidaJSON.swift */; };
		D3E5FEC329B473AD0056065D /* AVFoundation.framework in Frameworks */ = {isa = PBXBuildFile; fileRef = D3E5FEC229B473AC0056065D /* AVFoundation.framework */; };
/* End PBXBuildFile section */

/* Begin PBXFileReference section */
		D3E5FE7629B05E880056065D /* Practica2_Barman_ONC.app */ = {isa = PBXFileReference; explicitFileType = wrapper.application; includeInIndex = 0; path = Practica2_Barman_ONC.app; sourceTree = BUILT_PRODUCTS_DIR; };
		D3E5FE7929B05E880056065D /* AppDelegate.swift */ = {isa = PBXFileReference; lastKnownFileType = sourcecode.swift; path = AppDelegate.swift; sourceTree = "<group>"; };
		D3E5FE7B29B05E880056065D /* SceneDelegate.swift */ = {isa = PBXFileReference; lastKnownFileType = sourcecode.swift; path = SceneDelegate.swift; sourceTree = "<group>"; };
		D3E5FE7D29B05E880056065D /* BebidaDetalleViewController.swift */ = {isa = PBXFileReference; lastKnownFileType = sourcecode.swift; path = BebidaDetalleViewController.swift; sourceTree = "<group>"; };
		D3E5FE8029B05E880056065D /* Base */ = {isa = PBXFileReference; lastKnownFileType = file.storyboard; name = Base; path = Base.lproj/Main.storyboard; sourceTree = "<group>"; };
		D3E5FE8329B05E880056065D /* Practica2_Barman_ONC.xcdatamodel */ = {isa = PBXFileReference; lastKnownFileType = wrapper.xcdatamodel; path = Practica2_Barman_ONC.xcdatamodel; sourceTree = "<group>"; };
		D3E5FE8529B05E890056065D /* Assets.xcassets */ = {isa = PBXFileReference; lastKnownFileType = folder.assetcatalog; path = Assets.xcassets; sourceTree = "<group>"; };
		D3E5FE8829B05E890056065D /* Base */ = {isa = PBXFileReference; lastKnownFileType = file.storyboard; name = Base; path = Base.lproj/LaunchScreen.storyboard; sourceTree = "<group>"; };
		D3E5FE8A29B05E890056065D /* Info.plist */ = {isa = PBXFileReference; lastKnownFileType = text.plist.xml; path = Info.plist; sourceTree = "<group>"; };
		D3E5FE9129B082260056065D /* Network.framework */ = {isa = PBXFileReference; lastKnownFileType = wrapper.framework; name = Network.framework; path = System/Library/Frameworks/Network.framework; sourceTree = SDKROOT; };
		D3E5FE9329B1C1F30056065D /* TableViewController.swift */ = {isa = PBXFileReference; lastKnownFileType = sourcecode.swift; path = TableViewController.swift; sourceTree = "<group>"; };
		D3E5FE9929B2474F0056065D /* MonitorRed.swift */ = {isa = PBXFileReference; lastKnownFileType = sourcecode.swift; path = MonitorRed.swift; sourceTree = "<group>"; };
		D3E5FE9F29B2E70A0056065D /* wine-bar-100.png */ = {isa = PBXFileReference; lastKnownFileType = image.png; path = "wine-bar-100.png"; sourceTree = "<group>"; };
		D3E5FEA129B2E8000056065D /* Coctel3.jpg */ = {isa = PBXFileReference; lastKnownFileType = image.jpeg; path = Coctel3.jpg; sourceTree = "<group>"; };
		D3E5FEA229B2E8000056065D /* Coctel1.jpg */ = {isa = PBXFileReference; lastKnownFileType = image.jpeg; path = Coctel1.jpg; sourceTree = "<group>"; };
		D3E5FEA329B2E8000056065D /* Coctel2.jpg */ = {isa = PBXFileReference; lastKnownFileType = image.jpeg; path = Coctel2.jpg; sourceTree = "<group>"; };
		D3E5FEA829B2ECCA0056065D /* tropical-drink-48.png */ = {isa = PBXFileReference; lastKnownFileType = image.png; path = "tropical-drink-48.png"; sourceTree = "<group>"; };
		D3E5FEAF29B2F8E80056065D /* BebidaDataManager.swift */ = {isa = PBXFileReference; lastKnownFileType = sourcecode.swift; path = BebidaDataManager.swift; sourceTree = "<group>"; };
		D3E5FEB229B322220056065D /* Helper.swift */ = {isa = PBXFileReference; lastKnownFileType = sourcecode.swift; path = Helper.swift; sourceTree = "<group>"; };
		D3E5FEB429B3DABD0056065D /* Bebida+CoreDataClass.swift */ = {isa = PBXFileReference; lastKnownFileType = sourcecode.swift; path = "Bebida+CoreDataClass.swift"; sourceTree = "<group>"; };
		D3E5FEB529B3DABD0056065D /* Bebida+CoreDataProperties.swift */ = {isa = PBXFileReference; lastKnownFileType = sourcecode.swift; path = "Bebida+CoreDataProperties.swift"; sourceTree = "<group>"; };
		D3E5FEB829B3F4660056065D /* WebKit.framework */ = {isa = PBXFileReference; lastKnownFileType = wrapper.framework; name = WebKit.framework; path = System/Library/Frameworks/WebKit.framework; sourceTree = SDKROOT; };
		D3E5FEBA29B3F7CA0056065D /* es-419 */ = {isa = PBXFileReference; lastKnownFileType = text.plist.strings; name = "es-419"; path = "es-419.lproj/Main.strings"; sourceTree = "<group>"; };
		D3E5FEBB29B3F7CA0056065D /* es-419 */ = {isa = PBXFileReference; lastKnownFileType = text.plist.strings; name = "es-419"; path = "es-419.lproj/LaunchScreen.strings"; sourceTree = "<group>"; };
		D3E5FEBD29B3F92C0056065D /* en */ = {isa = PBXFileReference; lastKnownFileType = text.plist.strings; name = en; path = en.lproj/Localizable.strings; sourceTree = "<group>"; };
		D3E5FEBF29B3F9320056065D /* es-419 */ = {isa = PBXFileReference; lastKnownFileType = text.plist.strings; name = "es-419"; path = "es-419.lproj/Localizable.strings"; sourceTree = "<group>"; };
		D3E5FEC029B4154B0056065D /* BebidaJSON.swift */ = {isa = PBXFileReference; fileEncoding = 4; lastKnownFileType = sourcecode.swift; path = BebidaJSON.swift; sourceTree = "<group>"; };
		D3E5FEC229B473AC0056065D /* AVFoundation.framework */ = {isa = PBXFileReference; lastKnownFileType = wrapper.framework; name = AVFoundation.framework; path = System/Library/Frameworks/AVFoundation.framework; sourceTree = SDKROOT; };
/* End PBXFileReference section */

/* Begin PBXFrameworksBuildPhase section */
		D3E5FE7329B05E880056065D /* Frameworks */ = {
			isa = PBXFrameworksBuildPhase;
			buildActionMask = 2147483647;
			files = (
				D3E5FEC329B473AD0056065D /* AVFoundation.framework in Frameworks */,
				D3E5FE9229B082260056065D /* Network.framework in Frameworks */,
			);
			runOnlyForDeploymentPostprocessing = 0;
		};
/* End PBXFrameworksBuildPhase section */

/* Begin PBXGroup section */
		D3E5FE6D29B05E880056065D = {
			isa = PBXGroup;
			children = (
				D3E5FE7829B05E880056065D /* Practica2_Barman_ONC */,
				D3E5FE7729B05E880056065D /* Products */,
				D3E5FE9029B082250056065D /* Frameworks */,
			);
			sourceTree = "<group>";
		};
		D3E5FE7729B05E880056065D /* Products */ = {
			isa = PBXGroup;
			children = (
				D3E5FE7629B05E880056065D /* Practica2_Barman_ONC.app */,
			);
			name = Products;
			sourceTree = "<group>";
		};
		D3E5FE7829B05E880056065D /* Practica2_Barman_ONC */ = {
			isa = PBXGroup;
			children = (
				D3E5FEB129B3220C0056065D /* Helper */,
				D3E5FEAE29B2F8340056065D /* Model */,
				D3E5FEA729B2E8070056065D /* images */,
				D3E5FE9C29B2AE110056065D /* Localizable */,
				D3E5FE9829B247170056065D /* utils */,
				D3E5FE7929B05E880056065D /* AppDelegate.swift */,
				D3E5FE7B29B05E880056065D /* SceneDelegate.swift */,
				D3E5FE7D29B05E880056065D /* BebidaDetalleViewController.swift */,
				D3E5FE7F29B05E880056065D /* Main.storyboard */,
				D3E5FE8529B05E890056065D /* Assets.xcassets */,
				D3E5FE8729B05E890056065D /* LaunchScreen.storyboard */,
				D3E5FE8A29B05E890056065D /* Info.plist */,
				D3E5FE8229B05E880056065D /* Practica2_Barman_ONC.xcdatamodeld */,
				D3E5FE9329B1C1F30056065D /* TableViewController.swift */,
			);
			path = Practica2_Barman_ONC;
			sourceTree = "<group>";
		};
		D3E5FE9029B082250056065D /* Frameworks */ = {
			isa = PBXGroup;
			children = (
				D3E5FEC229B473AC0056065D /* AVFoundation.framework */,
				D3E5FEB829B3F4660056065D /* WebKit.framework */,
				D3E5FE9129B082260056065D /* Network.framework */,
			);
			name = Frameworks;
			sourceTree = "<group>";
		};
		D3E5FE9829B247170056065D /* utils */ = {
			isa = PBXGroup;
			children = (
				D3E5FE9929B2474F0056065D /* MonitorRed.swift */,
			);
			path = utils;
			sourceTree = "<group>";
		};
		D3E5FE9C29B2AE110056065D /* Localizable */ = {
			isa = PBXGroup;
			children = (
				D3E5FEBE29B3F92C0056065D /* Localizable.strings */,
			);
			path = Localizable;
			sourceTree = "<group>";
		};
		D3E5FEA729B2E8070056065D /* images */ = {
			isa = PBXGroup;
			children = (
				D3E5FEA229B2E8000056065D /* Coctel1.jpg */,
				D3E5FEA329B2E8000056065D /* Coctel2.jpg */,
				D3E5FE9F29B2E70A0056065D /* wine-bar-100.png */,
				D3E5FEA829B2ECCA0056065D /* tropical-drink-48.png */,
				D3E5FEA129B2E8000056065D /* Coctel3.jpg */,
			);
			path = images;
			sourceTree = "<group>";
		};
		D3E5FEAE29B2F8340056065D /* Model */ = {
			isa = PBXGroup;
			children = (
				D3E5FEC029B4154B0056065D /* BebidaJSON.swift */,
				D3E5FEB429B3DABD0056065D /* Bebida+CoreDataClass.swift */,
				D3E5FEB529B3DABD0056065D /* Bebida+CoreDataProperties.swift */,
				D3E5FEAF29B2F8E80056065D /* BebidaDataManager.swift */,
			);
			path = Model;
			sourceTree = "<group>";
		};
		D3E5FEB129B3220C0056065D /* Helper */ = {
			isa = PBXGroup;
			children = (
				D3E5FEB229B322220056065D /* Helper.swift */,
			);
			path = Helper;
			sourceTree = "<group>";
		};
/* End PBXGroup section */

/* Begin PBXNativeTarget section */
		D3E5FE7529B05E880056065D /* Practica2_Barman_ONC */ = {
			isa = PBXNativeTarget;
			buildConfigurationList = D3E5FE8D29B05E890056065D /* Build configuration list for PBXNativeTarget "Practica2_Barman_ONC" */;
			buildPhases = (
				D3E5FE7229B05E880056065D /* Sources */,
				D3E5FE7329B05E880056065D /* Frameworks */,
				D3E5FE7429B05E880056065D /* Resources */,
			);
			buildRules = (
			);
			dependencies = (
			);
			name = Practica2_Barman_ONC;
			productName = Practica2_Barman_ONC;
			productReference = D3E5FE7629B05E880056065D /* Practica2_Barman_ONC.app */;
			productType = "com.apple.product-type.application";
		};
/* End PBXNativeTarget section */

/* Begin PBXProject section */
		D3E5FE6E29B05E880056065D /* Project object */ = {
			isa = PBXProject;
			attributes = {
				BuildIndependentTargetsInParallel = 1;
				LastSwiftUpdateCheck = 1420;
				LastUpgradeCheck = 1420;
				TargetAttributes = {
					D3E5FE7529B05E880056065D = {
						CreatedOnToolsVersion = 14.2;
					};
				};
			};
			buildConfigurationList = D3E5FE7129B05E880056065D /* Build configuration list for PBXProject "Practica2_Barman_ONC" */;
			compatibilityVersion = "Xcode 14.0";
			developmentRegion = en;
			hasScannedForEncodings = 0;
			knownRegions = (
				en,
				Base,
				"es-419",
			);
			mainGroup = D3E5FE6D29B05E880056065D;
			productRefGroup = D3E5FE7729B05E880056065D /* Products */;
			projectDirPath = "";
			projectRoot = "";
			targets = (
				D3E5FE7529B05E880056065D /* Practica2_Barman_ONC */,
			);
		};
/* End PBXProject section */

/* Begin PBXResourcesBuildPhase section */
		D3E5FE7429B05E880056065D /* Resources */ = {
			isa = PBXResourcesBuildPhase;
			buildActionMask = 2147483647;
			files = (
				D3E5FEA029B2E70A0056065D /* wine-bar-100.png in Resources */,
				D3E5FEA529B2E8000056065D /* Coctel1.jpg in Resources */,
				D3E5FE8929B05E890056065D /* LaunchScreen.storyboard in Resources */,
				D3E5FEBC29B3F92C0056065D /* Localizable.strings in Resources */,
				D3E5FEA429B2E8000056065D /* Coctel3.jpg in Resources */,
				D3E5FE8629B05E890056065D /* Assets.xcassets in Resources */,
				D3E5FEA629B2E8000056065D /* Coctel2.jpg in Resources */,
				D3E5FE8129B05E880056065D /* Main.storyboard in Resources */,
				D3E5FEA929B2ECCA0056065D /* tropical-drink-48.png in Resources */,
			);
			runOnlyForDeploymentPostprocessing = 0;
		};
/* End PBXResourcesBuildPhase section */

/* Begin PBXSourcesBuildPhase section */
		D3E5FE7229B05E880056065D /* Sources */ = {
			isa = PBXSourcesBuildPhase;
			buildActionMask = 2147483647;
			files = (
				D3E5FEB629B3DABD0056065D /* Bebida+CoreDataClass.swift in Sources */,
				D3E5FEB329B322220056065D /* Helper.swift in Sources */,
				D3E5FEB729B3DABD0056065D /* Bebida+CoreDataProperties.swift in Sources */,
				D3E5FE7E29B05E880056065D /* BebidaDetalleViewController.swift in Sources */,
				D3E5FEC129B4154B0056065D /* BebidaJSON.swift in Sources */,
				D3E5FE7A29B05E880056065D /* AppDelegate.swift in Sources */,
				D3E5FE9A29B2474F0056065D /* MonitorRed.swift in Sources */,
				D3E5FE7C29B05E880056065D /* SceneDelegate.swift in Sources */,
				D3E5FE9429B1C1F30056065D /* TableViewController.swift in Sources */,
				D3E5FEB029B2F8E80056065D /* BebidaDataManager.swift in Sources */,
				D3E5FE8429B05E880056065D /* Practica2_Barman_ONC.xcdatamodeld in Sources */,
			);
			runOnlyForDeploymentPostprocessing = 0;
		};
/* End PBXSourcesBuildPhase section */

/* Begin PBXVariantGroup section */
		D3E5FE7F29B05E880056065D /* Main.storyboard */ = {
			isa = PBXVariantGroup;
			children = (
				D3E5FE8029B05E880056065D /* Base */,
				D3E5FEBA29B3F7CA0056065D /* es-419 */,
			);
			name = Main.storyboard;
			sourceTree = "<group>";
		};
		D3E5FE8729B05E890056065D /* LaunchScreen.storyboard */ = {
			isa = PBXVariantGroup;
			children = (
				D3E5FE8829B05E890056065D /* Base */,
				D3E5FEBB29B3F7CA0056065D /* es-419 */,
			);
			name = LaunchScreen.storyboard;
			sourceTree = "<group>";
		};
		D3E5FEBE29B3F92C0056065D /* Localizable.strings */ = {
			isa = PBXVariantGroup;
			children = (
				D3E5FEBD29B3F92C0056065D /* en */,
				D3E5FEBF29B3F9320056065D /* es-419 */,
			);
			name = Localizable.strings;
			sourceTree = "<group>";
		};
/* End PBXVariantGroup section */

/* Begin XCBuildConfiguration section */
		D3E5FE8B29B05E890056065D /* Debug */ = {
			isa = XCBuildConfiguration;
			buildSettings = {
				ALWAYS_SEARCH_USER_PATHS = NO;
				CLANG_ANALYZER_LOCALIZABILITY_NONLOCALIZED = YES;
				CLANG_ANALYZER_NONNULL = YES;
				CLANG_ANALYZER_NUMBER_OBJECT_CONVERSION = YES_AGGRESSIVE;
				CLANG_CXX_LANGUAGE_STANDARD = "gnu++20";
				CLANG_ENABLE_MODULES = YES;
				CLANG_ENABLE_OBJC_ARC = YES;
				CLANG_ENABLE_OBJC_WEAK = YES;
				CLANG_WARN_BLOCK_CAPTURE_AUTORELEASING = YES;
				CLANG_WARN_BOOL_CONVERSION = YES;
				CLANG_WARN_COMMA = YES;
				CLANG_WARN_CONSTANT_CONVERSION = YES;
				CLANG_WARN_DEPRECATED_OBJC_IMPLEMENTATIONS = YES;
				CLANG_WARN_DIRECT_OBJC_ISA_USAGE = YES_ERROR;
				CLANG_WARN_DOCUMENTATION_COMMENTS = YES;
				CLANG_WARN_EMPTY_BODY = YES;
				CLANG_WARN_ENUM_CONVERSION = YES;
				CLANG_WARN_INFINITE_RECURSION = YES;
				CLANG_WARN_INT_CONVERSION = YES;
				CLANG_WARN_NON_LITERAL_NULL_CONVERSION = YES;
				CLANG_WARN_OBJC_IMPLICIT_RETAIN_SELF = YES;
				CLANG_WARN_OBJC_LITERAL_CONVERSION = YES;
				CLANG_WARN_OBJC_ROOT_CLASS = YES_ERROR;
				CLANG_WARN_QUOTED_INCLUDE_IN_FRAMEWORK_HEADER = YES;
				CLANG_WARN_RANGE_LOOP_ANALYSIS = YES;
				CLANG_WARN_STRICT_PROTOTYPES = YES;
				CLANG_WARN_SUSPICIOUS_MOVE = YES;
				CLANG_WARN_UNGUARDED_AVAILABILITY = YES_AGGRESSIVE;
				CLANG_WARN_UNREACHABLE_CODE = YES;
				CLANG_WARN__DUPLICATE_METHOD_MATCH = YES;
				COPY_PHASE_STRIP = NO;
				DEBUG_INFORMATION_FORMAT = dwarf;
				ENABLE_STRICT_OBJC_MSGSEND = YES;
				ENABLE_TESTABILITY = YES;
				GCC_C_LANGUAGE_STANDARD = gnu11;
				GCC_DYNAMIC_NO_PIC = NO;
				GCC_NO_COMMON_BLOCKS = YES;
				GCC_OPTIMIZATION_LEVEL = 0;
				GCC_PREPROCESSOR_DEFINITIONS = (
					"DEBUG=1",
					"$(inherited)",
				);
				GCC_WARN_64_TO_32_BIT_CONVERSION = YES;
				GCC_WARN_ABOUT_RETURN_TYPE = YES_ERROR;
				GCC_WARN_UNDECLARED_SELECTOR = YES;
				GCC_WARN_UNINITIALIZED_AUTOS = YES_AGGRESSIVE;
				GCC_WARN_UNUSED_FUNCTION = YES;
				GCC_WARN_UNUSED_VARIABLE = YES;
				IPHONEOS_DEPLOYMENT_TARGET = 16.2;
				MTL_ENABLE_DEBUG_INFO = INCLUDE_SOURCE;
				MTL_FAST_MATH = YES;
				ONLY_ACTIVE_ARCH = YES;
				SDKROOT = iphoneos;
				SWIFT_ACTIVE_COMPILATION_CONDITIONS = DEBUG;
				SWIFT_OPTIMIZATION_LEVEL = "-Onone";
			};
			name = Debug;
		};
		D3E5FE8C29B05E890056065D /* Release */ = {
			isa = XCBuildConfiguration;
			buildSettings = {
				ALWAYS_SEARCH_USER_PATHS = NO;
				CLANG_ANALYZER_LOCALIZABILITY_NONLOCALIZED = YES;
				CLANG_ANALYZER_NONNULL = YES;
				CLANG_ANALYZER_NUMBER_OBJECT_CONVERSION = YES_AGGRESSIVE;
				CLANG_CXX_LANGUAGE_STANDARD = "gnu++20";
				CLANG_ENABLE_MODULES = YES;
				CLANG_ENABLE_OBJC_ARC = YES;
				CLANG_ENABLE_OBJC_WEAK = YES;
				CLANG_WARN_BLOCK_CAPTURE_AUTORELEASING = YES;
				CLANG_WARN_BOOL_CONVERSION = YES;
				CLANG_WARN_COMMA = YES;
				CLANG_WARN_CONSTANT_CONVERSION = YES;
				CLANG_WARN_DEPRECATED_OBJC_IMPLEMENTATIONS = YES;
				CLANG_WARN_DIRECT_OBJC_ISA_USAGE = YES_ERROR;
				CLANG_WARN_DOCUMENTATION_COMMENTS = YES;
				CLANG_WARN_EMPTY_BODY = YES;
				CLANG_WARN_ENUM_CONVERSION = YES;
				CLANG_WARN_INFINITE_RECURSION = YES;
				CLANG_WARN_INT_CONVERSION = YES;
				CLANG_WARN_NON_LITERAL_NULL_CONVERSION = YES;
				CLANG_WARN_OBJC_IMPLICIT_RETAIN_SELF = YES;
				CLANG_WARN_OBJC_LITERAL_CONVERSION = YES;
				CLANG_WARN_OBJC_ROOT_CLASS = YES_ERROR;
				CLANG_WARN_QUOTED_INCLUDE_IN_FRAMEWORK_HEADER = YES;
				CLANG_WARN_RANGE_LOOP_ANALYSIS = YES;
				CLANG_WARN_STRICT_PROTOTYPES = YES;
				CLANG_WARN_SUSPICIOUS_MOVE = YES;
				CLANG_WARN_UNGUARDED_AVAILABILITY = YES_AGGRESSIVE;
				CLANG_WARN_UNREACHABLE_CODE = YES;
				CLANG_WARN__DUPLICATE_METHOD_MATCH = YES;
				COPY_PHASE_STRIP = NO;
				DEBUG_INFORMATION_FORMAT = "dwarf-with-dsym";
				ENABLE_NS_ASSERTIONS = NO;
				ENABLE_STRICT_OBJC_MSGSEND = YES;
				GCC_C_LANGUAGE_STANDARD = gnu11;
				GCC_NO_COMMON_BLOCKS = YES;
				GCC_WARN_64_TO_32_BIT_CONVERSION = YES;
				GCC_WARN_ABOUT_RETURN_TYPE = YES_ERROR;
				GCC_WARN_UNDECLARED_SELECTOR = YES;
				GCC_WARN_UNINITIALIZED_AUTOS = YES_AGGRESSIVE;
				GCC_WARN_UNUSED_FUNCTION = YES;
				GCC_WARN_UNUSED_VARIABLE = YES;
				IPHONEOS_DEPLOYMENT_TARGET = 16.2;
				MTL_ENABLE_DEBUG_INFO = NO;
				MTL_FAST_MATH = YES;
				SDKROOT = iphoneos;
				SWIFT_COMPILATION_MODE = wholemodule;
				SWIFT_OPTIMIZATION_LEVEL = "-O";
				VALIDATE_PRODUCT = YES;
			};
			name = Release;
		};
		D3E5FE8E29B05E890056065D /* Debug */ = {
			isa = XCBuildConfiguration;
			buildSettings = {
				ASSETCATALOG_COMPILER_APPICON_NAME = AppIcon;
				ASSETCATALOG_COMPILER_GLOBAL_ACCENT_COLOR_NAME = AccentColor;
				CODE_SIGN_STYLE = Automatic;
				CURRENT_PROJECT_VERSION = 1;
				DEVELOPMENT_TEAM = 4884S82QUG;
				GENERATE_INFOPLIST_FILE = YES;
				INFOPLIST_FILE = Practica2_Barman_ONC/Info.plist;
				INFOPLIST_KEY_LSApplicationCategoryType = "";
				INFOPLIST_KEY_NSCameraUsageDescription = "Se empleará la camara para tomar fotos de la bebidas resultantes";
				INFOPLIST_KEY_UIApplicationSupportsIndirectInputEvents = YES;
				INFOPLIST_KEY_UILaunchStoryboardName = LaunchScreen;
				INFOPLIST_KEY_UIMainStoryboardFile = Main;
				INFOPLIST_KEY_UISupportedInterfaceOrientations = UIInterfaceOrientationPortrait;
				IPHONEOS_DEPLOYMENT_TARGET = 16.0;
				LD_RUNPATH_SEARCH_PATHS = (
					"$(inherited)",
					"@executable_path/Frameworks",
				);
				MARKETING_VERSION = 1.0;
				PRODUCT_BUNDLE_IDENTIFIER = "com.OmarNC.Practica2-Barman-ONC";
				PRODUCT_NAME = "$(TARGET_NAME)";
				SWIFT_EMIT_LOC_STRINGS = YES;
				SWIFT_VERSION = 5.0;
				TARGETED_DEVICE_FAMILY = "1,2";
			};
			name = Debug;
		};
		D3E5FE8F29B05E890056065D /* Release */ = {
			isa = XCBuildConfiguration;
			buildSettings = {
				ASSETCATALOG_COMPILER_APPICON_NAME = AppIcon;
				ASSETCATALOG_COMPILER_GLOBAL_ACCENT_COLOR_NAME = AccentColor;
				CODE_SIGN_STYLE = Automatic;
				CURRENT_PROJECT_VERSION = 1;
				DEVELOPMENT_TEAM = 4884S82QUG;
				GENERATE_INFOPLIST_FILE = YES;
				INFOPLIST_FILE = Practica2_Barman_ONC/Info.plist;
				INFOPLIST_KEY_LSApplicationCategoryType = "";
				INFOPLIST_KEY_NSCameraUsageDescription = "Se empleará la camara para tomar fotos de la bebidas resultantes";
				INFOPLIST_KEY_UIApplicationSupportsIndirectInputEvents = YES;
				INFOPLIST_KEY_UILaunchStoryboardName = LaunchScreen;
				INFOPLIST_KEY_UIMainStoryboardFile = Main;
				INFOPLIST_KEY_UISupportedInterfaceOrientations = UIInterfaceOrientationPortrait;
				IPHONEOS_DEPLOYMENT_TARGET = 16.0;
				LD_RUNPATH_SEARCH_PATHS = (
					"$(inherited)",
					"@executable_path/Frameworks",
				);
				MARKETING_VERSION = 1.0;
				PRODUCT_BUNDLE_IDENTIFIER = "com.OmarNC.Practica2-Barman-ONC";
				PRODUCT_NAME = "$(TARGET_NAME)";
				SWIFT_EMIT_LOC_STRINGS = YES;
				SWIFT_VERSION = 5.0;
				TARGETED_DEVICE_FAMILY = "1,2";
			};
			name = Release;
		};
/* End XCBuildConfiguration section */

/* Begin XCConfigurationList section */
		D3E5FE7129B05E880056065D /* Build configuration list for PBXProject "Practica2_Barman_ONC" */ = {
			isa = XCConfigurationList;
			buildConfigurations = (
				D3E5FE8B29B05E890056065D /* Debug */,
				D3E5FE8C29B05E890056065D /* Release */,
			);
			defaultConfigurationIsVisible = 0;
			defaultConfigurationName = Release;
		};
		D3E5FE8D29B05E890056065D /* Build configuration list for PBXNativeTarget "Practica2_Barman_ONC" */ = {
			isa = XCConfigurationList;
			buildConfigurations = (
				D3E5FE8E29B05E890056065D /* Debug */,
				D3E5FE8F29B05E890056065D /* Release */,
			);
			defaultConfigurationIsVisible = 0;
			defaultConfigurationName = Release;
		};
/* End XCConfigurationList section */

/* Begin XCVersionGroup section */
		D3E5FE8229B05E880056065D /* Practica2_Barman_ONC.xcdatamodeld */ = {
			isa = XCVersionGroup;
			children = (
				D3E5FE8329B05E880056065D /* Practica2_Barman_ONC.xcdatamodel */,
			);
			currentVersion = D3E5FE8329B05E880056065D /* Practica2_Barman_ONC.xcdatamodel */;
			path = Practica2_Barman_ONC.xcdatamodeld;
			sourceTree = "<group>";
			versionGroupType = wrapper.xcdatamodel;
		};
/* End XCVersionGroup section */
	};
	rootObject = D3E5FE6E29B05E880056065D /* Project object */;
}
